// !$*UTF8*$!
{
	archiveVersion = 1;
	classes = {
	};
	objectVersion = 46;
	objects = {

/* Begin PBXBuildFile section */
		3DD72C211BFA4BCE00ACA8A1 /* AppDelegate.swift in Sources */ = {isa = PBXBuildFile; fileRef = 3DD72C201BFA4BCE00ACA8A1 /* AppDelegate.swift */; };
		3DD72C261BFA4BCE00ACA8A1 /* Main.storyboard in Resources */ = {isa = PBXBuildFile; fileRef = 3DD72C241BFA4BCE00ACA8A1 /* Main.storyboard */; };
		3DD72C291BFA4BCE00ACA8A1 /* CoreNotes.xcdatamodeld in Sources */ = {isa = PBXBuildFile; fileRef = 3DD72C271BFA4BCE00ACA8A1 /* CoreNotes.xcdatamodeld */; };
		3DD72C2B1BFA4BCE00ACA8A1 /* Assets.xcassets in Resources */ = {isa = PBXBuildFile; fileRef = 3DD72C2A1BFA4BCE00ACA8A1 /* Assets.xcassets */; };
		3DD72C2E1BFA4BCE00ACA8A1 /* LaunchScreen.storyboard in Resources */ = {isa = PBXBuildFile; fileRef = 3DD72C2C1BFA4BCE00ACA8A1 /* LaunchScreen.storyboard */; };
		3DD72C391BFA4BCE00ACA8A1 /* CoreNotesTests.swift in Sources */ = {isa = PBXBuildFile; fileRef = 3DD72C381BFA4BCE00ACA8A1 /* CoreNotesTests.swift */; };
		3DD72C441BFA4BCE00ACA8A1 /* CoreNotesUITests.swift in Sources */ = {isa = PBXBuildFile; fileRef = 3DD72C431BFA4BCE00ACA8A1 /* CoreNotesUITests.swift */; };
		3DD72C531BFA60EE00ACA8A1 /* NotesTVC.swift in Sources */ = {isa = PBXBuildFile; fileRef = 3DD72C521BFA60EE00ACA8A1 /* NotesTVC.swift */; };
		3DD72C551BFA614100ACA8A1 /* NewCategoryVC.swift in Sources */ = {isa = PBXBuildFile; fileRef = 3DD72C541BFA614100ACA8A1 /* NewCategoryVC.swift */; };
		3DD72C571BFA615E00ACA8A1 /* NewNoteVC.swift in Sources */ = {isa = PBXBuildFile; fileRef = 3DD72C561BFA615E00ACA8A1 /* NewNoteVC.swift */; };
		3DF448C61BFB829A00D2E904 /* CoreData.swift in Sources */ = {isa = PBXBuildFile; fileRef = 3DF448C51BFB829A00D2E904 /* CoreData.swift */; };
		3DF448C81BFBED6700D2E904 /* Main.swift in Sources */ = {isa = PBXBuildFile; fileRef = 3DF448C71BFBED6700D2E904 /* Main.swift */; };
/* End PBXBuildFile section */

/* Begin PBXContainerItemProxy section */
		3DD72C351BFA4BCE00ACA8A1 /* PBXContainerItemProxy */ = {
			isa = PBXContainerItemProxy;
			containerPortal = 3DD72C151BFA4BCE00ACA8A1 /* Project object */;
			proxyType = 1;
			remoteGlobalIDString = 3DD72C1C1BFA4BCE00ACA8A1;
			remoteInfo = CoreNotes;
		};
		3DD72C401BFA4BCE00ACA8A1 /* PBXContainerItemProxy */ = {
			isa = PBXContainerItemProxy;
			containerPortal = 3DD72C151BFA4BCE00ACA8A1 /* Project object */;
			proxyType = 1;
			remoteGlobalIDString = 3DD72C1C1BFA4BCE00ACA8A1;
			remoteInfo = CoreNotes;
		};
/* End PBXContainerItemProxy section */

/* Begin PBXFileReference section */
		3DD72C1D1BFA4BCE00ACA8A1 /* CoreNotes.app */ = {isa = PBXFileReference; explicitFileType = wrapper.application; includeInIndex = 0; path = CoreNotes.app; sourceTree = BUILT_PRODUCTS_DIR; };
		3DD72C201BFA4BCE00ACA8A1 /* AppDelegate.swift */ = {isa = PBXFileReference; lastKnownFileType = sourcecode.swift; path = AppDelegate.swift; sourceTree = "<group>"; };
		3DD72C251BFA4BCE00ACA8A1 /* Base */ = {isa = PBXFileReference; lastKnownFileType = file.storyboard; name = Base; path = Base.lproj/Main.storyboard; sourceTree = "<group>"; };
		3DD72C281BFA4BCE00ACA8A1 /* CoreNotes.xcdatamodel */ = {isa = PBXFileReference; lastKnownFileType = wrapper.xcdatamodel; path = CoreNotes.xcdatamodel; sourceTree = "<group>"; };
		3DD72C2A1BFA4BCE00ACA8A1 /* Assets.xcassets */ = {isa = PBXFileReference; lastKnownFileType = folder.assetcatalog; path = Assets.xcassets; sourceTree = "<group>"; };
		3DD72C2D1BFA4BCE00ACA8A1 /* Base */ = {isa = PBXFileReference; lastKnownFileType = file.storyboard; name = Base; path = Base.lproj/LaunchScreen.storyboard; sourceTree = "<group>"; };
		3DD72C2F1BFA4BCE00ACA8A1 /* Info.plist */ = {isa = PBXFileReference; lastKnownFileType = text.plist.xml; path = Info.plist; sourceTree = "<group>"; };
		3DD72C341BFA4BCE00ACA8A1 /* CoreNotesTests.xctest */ = {isa = PBXFileReference; explicitFileType = wrapper.cfbundle; includeInIndex = 0; path = CoreNotesTests.xctest; sourceTree = BUILT_PRODUCTS_DIR; };
		3DD72C381BFA4BCE00ACA8A1 /* CoreNotesTests.swift */ = {isa = PBXFileReference; lastKnownFileType = sourcecode.swift; path = CoreNotesTests.swift; sourceTree = "<group>"; };
		3DD72C3A1BFA4BCE00ACA8A1 /* Info.plist */ = {isa = PBXFileReference; lastKnownFileType = text.plist.xml; path = Info.plist; sourceTree = "<group>"; };
		3DD72C3F1BFA4BCE00ACA8A1 /* CoreNotesUITests.xctest */ = {isa = PBXFileReference; explicitFileType = wrapper.cfbundle; includeInIndex = 0; path = CoreNotesUITests.xctest; sourceTree = BUILT_PRODUCTS_DIR; };
		3DD72C431BFA4BCE00ACA8A1 /* CoreNotesUITests.swift */ = {isa = PBXFileReference; lastKnownFileType = sourcecode.swift; path = CoreNotesUITests.swift; sourceTree = "<group>"; };
		3DD72C451BFA4BCE00ACA8A1 /* Info.plist */ = {isa = PBXFileReference; lastKnownFileType = text.plist.xml; path = Info.plist; sourceTree = "<group>"; };
		3DD72C521BFA60EE00ACA8A1 /* NotesTVC.swift */ = {isa = PBXFileReference; fileEncoding = 4; lastKnownFileType = sourcecode.swift; path = NotesTVC.swift; sourceTree = "<group>"; };
		3DD72C541BFA614100ACA8A1 /* NewCategoryVC.swift */ = {isa = PBXFileReference; fileEncoding = 4; lastKnownFileType = sourcecode.swift; path = NewCategoryVC.swift; sourceTree = "<group>"; };
		3DD72C561BFA615E00ACA8A1 /* NewNoteVC.swift */ = {isa = PBXFileReference; fileEncoding = 4; lastKnownFileType = sourcecode.swift; path = NewNoteVC.swift; sourceTree = "<group>"; };
		3DF448C51BFB829A00D2E904 /* CoreData.swift */ = {isa = PBXFileReference; fileEncoding = 4; lastKnownFileType = sourcecode.swift; path = CoreData.swift; sourceTree = "<group>"; };
		3DF448C71BFBED6700D2E904 /* Main.swift */ = {isa = PBXFileReference; fileEncoding = 4; lastKnownFileType = sourcecode.swift; path = Main.swift; sourceTree = "<group>"; };
/* End PBXFileReference section */

/* Begin PBXFrameworksBuildPhase section */
		3DD72C1A1BFA4BCE00ACA8A1 /* Frameworks */ = {
			isa = PBXFrameworksBuildPhase;
			buildActionMask = 2147483647;
			files = (
			);
			runOnlyForDeploymentPostprocessing = 0;
		};
		3DD72C311BFA4BCE00ACA8A1 /* Frameworks */ = {
			isa = PBXFrameworksBuildPhase;
			buildActionMask = 2147483647;
			files = (
			);
			runOnlyForDeploymentPostprocessing = 0;
		};
		3DD72C3C1BFA4BCE00ACA8A1 /* Frameworks */ = {
			isa = PBXFrameworksBuildPhase;
			buildActionMask = 2147483647;
			files = (
			);
			runOnlyForDeploymentPostprocessing = 0;
		};
/* End PBXFrameworksBuildPhase section */

/* Begin PBXGroup section */
		3DD72C141BFA4BCE00ACA8A1 = {
			isa = PBXGroup;
			children = (
				3DD72C1F1BFA4BCE00ACA8A1 /* CoreNotes */,
				3DD72C371BFA4BCE00ACA8A1 /* CoreNotesTests */,
				3DD72C421BFA4BCE00ACA8A1 /* CoreNotesUITests */,
				3DD72C1E1BFA4BCE00ACA8A1 /* Products */,
			);
			sourceTree = "<group>";
		};
		3DD72C1E1BFA4BCE00ACA8A1 /* Products */ = {
			isa = PBXGroup;
			children = (
				3DD72C1D1BFA4BCE00ACA8A1 /* CoreNotes.app */,
				3DD72C341BFA4BCE00ACA8A1 /* CoreNotesTests.xctest */,
				3DD72C3F1BFA4BCE00ACA8A1 /* CoreNotesUITests.xctest */,
			);
			name = Products;
			sourceTree = "<group>";
		};
		3DD72C1F1BFA4BCE00ACA8A1 /* CoreNotes */ = {
			isa = PBXGroup;
			children = (
				3DD72C521BFA60EE00ACA8A1 /* NotesTVC.swift */,
				3DD72C241BFA4BCE00ACA8A1 /* Main.storyboard */,
				3DD72C541BFA614100ACA8A1 /* NewCategoryVC.swift */,
				3DD72C561BFA615E00ACA8A1 /* NewNoteVC.swift */,
				3DD72C511BFA5FF500ACA8A1 /* System */,
				3DF448C51BFB829A00D2E904 /* CoreData.swift */,
				3DF448C71BFBED6700D2E904 /* Main.swift */,
			);
			path = CoreNotes;
			sourceTree = "<group>";
		};
		3DD72C371BFA4BCE00ACA8A1 /* CoreNotesTests */ = {
			isa = PBXGroup;
			children = (
				3DD72C381BFA4BCE00ACA8A1 /* CoreNotesTests.swift */,
				3DD72C3A1BFA4BCE00ACA8A1 /* Info.plist */,
			);
			path = CoreNotesTests;
			sourceTree = "<group>";
		};
		3DD72C421BFA4BCE00ACA8A1 /* CoreNotesUITests */ = {
			isa = PBXGroup;
			children = (
				3DD72C431BFA4BCE00ACA8A1 /* CoreNotesUITests.swift */,
				3DD72C451BFA4BCE00ACA8A1 /* Info.plist */,
			);
			path = CoreNotesUITests;
			sourceTree = "<group>";
		};
		3DD72C511BFA5FF500ACA8A1 /* System */ = {
			isa = PBXGroup;
			children = (
				3DD72C201BFA4BCE00ACA8A1 /* AppDelegate.swift */,
				3DD72C2A1BFA4BCE00ACA8A1 /* Assets.xcassets */,
				3DD72C2C1BFA4BCE00ACA8A1 /* LaunchScreen.storyboard */,
				3DD72C2F1BFA4BCE00ACA8A1 /* Info.plist */,
				3DD72C271BFA4BCE00ACA8A1 /* CoreNotes.xcdatamodeld */,
			);
			name = System;
			sourceTree = "<group>";
		};
/* End PBXGroup section */

/* Begin PBXNativeTarget section */
		3DD72C1C1BFA4BCE00ACA8A1 /* CoreNotes */ = {
			isa = PBXNativeTarget;
			buildConfigurationList = 3DD72C481BFA4BCE00ACA8A1 /* Build configuration list for PBXNativeTarget "CoreNotes" */;
			buildPhases = (
				3DD72C191BFA4BCE00ACA8A1 /* Sources */,
				3DD72C1A1BFA4BCE00ACA8A1 /* Frameworks */,
				3DD72C1B1BFA4BCE00ACA8A1 /* Resources */,
			);
			buildRules = (
			);
			dependencies = (
			);
			name = CoreNotes;
			productName = CoreNotes;
			productReference = 3DD72C1D1BFA4BCE00ACA8A1 /* CoreNotes.app */;
			productType = "com.apple.product-type.application";
		};
		3DD72C331BFA4BCE00ACA8A1 /* CoreNotesTests */ = {
			isa = PBXNativeTarget;
			buildConfigurationList = 3DD72C4B1BFA4BCE00ACA8A1 /* Build configuration list for PBXNativeTarget "CoreNotesTests" */;
			buildPhases = (
				3DD72C301BFA4BCE00ACA8A1 /* Sources */,
				3DD72C311BFA4BCE00ACA8A1 /* Frameworks */,
				3DD72C321BFA4BCE00ACA8A1 /* Resources */,
			);
			buildRules = (
			);
			dependencies = (
				3DD72C361BFA4BCE00ACA8A1 /* PBXTargetDependency */,
			);
			name = CoreNotesTests;
			productName = CoreNotesTests;
			productReference = 3DD72C341BFA4BCE00ACA8A1 /* CoreNotesTests.xctest */;
			productType = "com.apple.product-type.bundle.unit-test";
		};
		3DD72C3E1BFA4BCE00ACA8A1 /* CoreNotesUITests */ = {
			isa = PBXNativeTarget;
			buildConfigurationList = 3DD72C4E1BFA4BCE00ACA8A1 /* Build configuration list for PBXNativeTarget "CoreNotesUITests" */;
			buildPhases = (
				3DD72C3B1BFA4BCE00ACA8A1 /* Sources */,
				3DD72C3C1BFA4BCE00ACA8A1 /* Frameworks */,
				3DD72C3D1BFA4BCE00ACA8A1 /* Resources */,
			);
			buildRules = (
			);
			dependencies = (
				3DD72C411BFA4BCE00ACA8A1 /* PBXTargetDependency */,
			);
			name = CoreNotesUITests;
			productName = CoreNotesUITests;
			productReference = 3DD72C3F1BFA4BCE00ACA8A1 /* CoreNotesUITests.xctest */;
			productType = "com.apple.product-type.bundle.ui-testing";
		};
/* End PBXNativeTarget section */

/* Begin PBXProject section */
		3DD72C151BFA4BCE00ACA8A1 /* Project object */ = {
			isa = PBXProject;
			attributes = {
				LastSwiftUpdateCheck = 0710;
				LastUpgradeCheck = 0710;
				ORGANIZATIONNAME = "Kelly Robinson";
				TargetAttributes = {
					3DD72C1C1BFA4BCE00ACA8A1 = {
						CreatedOnToolsVersion = 7.1.1;
					};
					3DD72C331BFA4BCE00ACA8A1 = {
						CreatedOnToolsVersion = 7.1.1;
						TestTargetID = 3DD72C1C1BFA4BCE00ACA8A1;
					};
					3DD72C3E1BFA4BCE00ACA8A1 = {
						CreatedOnToolsVersion = 7.1.1;
						TestTargetID = 3DD72C1C1BFA4BCE00ACA8A1;
					};
				};
			};
			buildConfigurationList = 3DD72C181BFA4BCE00ACA8A1 /* Build configuration list for PBXProject "CoreNotes" */;
			compatibilityVersion = "Xcode 3.2";
			developmentRegion = English;
			hasScannedForEncodings = 0;
			knownRegions = (
				en,
				Base,
			);
			mainGroup = 3DD72C141BFA4BCE00ACA8A1;
			productRefGroup = 3DD72C1E1BFA4BCE00ACA8A1 /* Products */;
			projectDirPath = "";
			projectRoot = "";
			targets = (
				3DD72C1C1BFA4BCE00ACA8A1 /* CoreNotes */,
				3DD72C331BFA4BCE00ACA8A1 /* CoreNotesTests */,
				3DD72C3E1BFA4BCE00ACA8A1 /* CoreNotesUITests */,
			);
		};
/* End PBXProject section */

/* Begin PBXResourcesBuildPhase section */
		3DD72C1B1BFA4BCE00ACA8A1 /* Resources */ = {
			isa = PBXResourcesBuildPhase;
			buildActionMask = 2147483647;
			files = (
				3DD72C2E1BFA4BCE00ACA8A1 /* LaunchScreen.storyboard in Resources */,
				3DD72C2B1BFA4BCE00ACA8A1 /* Assets.xcassets in Resources */,
				3DD72C261BFA4BCE00ACA8A1 /* Main.storyboard in Resources */,
			);
			runOnlyForDeploymentPostprocessing = 0;
		};
		3DD72C321BFA4BCE00ACA8A1 /* Resources */ = {
			isa = PBXResourcesBuildPhase;
			buildActionMask = 2147483647;
			files = (
			);
			runOnlyForDeploymentPostprocessing = 0;
		};
		3DD72C3D1BFA4BCE00ACA8A1 /* Resources */ = {
			isa = PBXResourcesBuildPhase;
			buildActionMask = 2147483647;
			files = (
			);
			runOnlyForDeploymentPostprocessing = 0;
		};
/* End PBXResourcesBuildPhase section */

/* Begin PBXSourcesBuildPhase section */
		3DD72C191BFA4BCE00ACA8A1 /* Sources */ = {
			isa = PBXSourcesBuildPhase;
			buildActionMask = 2147483647;
			files = (
				3DD72C531BFA60EE00ACA8A1 /* NotesTVC.swift in Sources */,
				3DD72C291BFA4BCE00ACA8A1 /* CoreNotes.xcdatamodeld in Sources */,
				3DD72C571BFA615E00ACA8A1 /* NewNoteVC.swift in Sources */,
				3DD72C211BFA4BCE00ACA8A1 /* AppDelegate.swift in Sources */,
				3DF448C61BFB829A00D2E904 /* CoreData.swift in Sources */,
				3DF448C81BFBED6700D2E904 /* Main.swift in Sources */,
				3DD72C551BFA614100ACA8A1 /* NewCategoryVC.swift in Sources */,
			);
			runOnlyForDeploymentPostprocessing = 0;
		};
		3DD72C301BFA4BCE00ACA8A1 /* Sources */ = {
			isa = PBXSourcesBuildPhase;
			buildActionMask = 2147483647;
			files = (
				3DD72C391BFA4BCE00ACA8A1 /* CoreNotesTests.swift in Sources */,
			);
			runOnlyForDeploymentPostprocessing = 0;
		};
		3DD72C3B1BFA4BCE00ACA8A1 /* Sources */ = {
			isa = PBXSourcesBuildPhase;
			buildActionMask = 2147483647;
			files = (
				3DD72C441BFA4BCE00ACA8A1 /* CoreNotesUITests.swift in Sources */,
			);
			runOnlyForDeploymentPostprocessing = 0;
		};
/* End PBXSourcesBuildPhase section */

/* Begin PBXTargetDependency section */
		3DD72C361BFA4BCE00ACA8A1 /* PBXTargetDependency */ = {
			isa = PBXTargetDependency;
			target = 3DD72C1C1BFA4BCE00ACA8A1 /* CoreNotes */;
			targetProxy = 3DD72C351BFA4BCE00ACA8A1 /* PBXContainerItemProxy */;
		};
		3DD72C411BFA4BCE00ACA8A1 /* PBXTargetDependency */ = {
			isa = PBXTargetDependency;
			target = 3DD72C1C1BFA4BCE00ACA8A1 /* CoreNotes */;
			targetProxy = 3DD72C401BFA4BCE00ACA8A1 /* PBXContainerItemProxy */;
		};
/* End PBXTargetDependency section */

/* Begin PBXVariantGroup section */
		3DD72C241BFA4BCE00ACA8A1 /* Main.storyboard */ = {
			isa = PBXVariantGroup;
			children = (
				3DD72C251BFA4BCE00ACA8A1 /* Base */,
			);
			name = Main.storyboard;
			sourceTree = "<group>";
		};
		3DD72C2C1BFA4BCE00ACA8A1 /* LaunchScreen.storyboard */ = {
			isa = PBXVariantGroup;
			children = (
				3DD72C2D1BFA4BCE00ACA8A1 /* Base */,
			);
			name = LaunchScreen.storyboard;
			sourceTree = "<group>";
		};
/* End PBXVariantGroup section */

/* Begin XCBuildConfiguration section */
		3DD72C461BFA4BCE00ACA8A1 /* Debug */ = {
			isa = XCBuildConfiguration;
			buildSettings = {
				ALWAYS_SEARCH_USER_PATHS = NO;
				CLANG_CXX_LANGUAGE_STANDARD = "gnu++0x";
				CLANG_CXX_LIBRARY = "libc++";
				CLANG_ENABLE_MODULES = YES;
				CLANG_ENABLE_OBJC_ARC = YES;
				CLANG_WARN_BOOL_CONVERSION = YES;
				CLANG_WARN_CONSTANT_CONVERSION = YES;
				CLANG_WARN_DIRECT_OBJC_ISA_USAGE = YES_ERROR;
				CLANG_WARN_EMPTY_BODY = YES;
				CLANG_WARN_ENUM_CONVERSION = YES;
				CLANG_WARN_INT_CONVERSION = YES;
				CLANG_WARN_OBJC_ROOT_CLASS = YES_ERROR;
				CLANG_WARN_UNREACHABLE_CODE = YES;
				CLANG_WARN__DUPLICATE_METHOD_MATCH = YES;
				"CODE_SIGN_IDENTITY[sdk=iphoneos*]" = "iPhone Developer";
				COPY_PHASE_STRIP = NO;
				DEBUG_INFORMATION_FORMAT = dwarf;
				ENABLE_STRICT_OBJC_MSGSEND = YES;
				ENABLE_TESTABILITY = YES;
				GCC_C_LANGUAGE_STANDARD = gnu99;
				GCC_DYNAMIC_NO_PIC = NO;
				GCC_NO_COMMON_BLOCKS = YES;
				GCC_OPTIMIZATION_LEVEL = 0;
				GCC_PREPROCESSOR_DEFINITIONS = (
					"DEBUG=1",
					"$(inherited)",
				);
				GCC_WARN_64_TO_32_BIT_CONVERSION = YES;
				GCC_WARN_ABOUT_RETURN_TYPE = YES_ERROR;
				GCC_WARN_UNDECLARED_SELECTOR = YES;
				GCC_WARN_UNINITIALIZED_AUTOS = YES_AGGRESSIVE;
				GCC_WARN_UNUSED_FUNCTION = YES;
				GCC_WARN_UNUSED_VARIABLE = YES;
				IPHONEOS_DEPLOYMENT_TARGET = 9.1;
				MTL_ENABLE_DEBUG_INFO = YES;
				ONLY_ACTIVE_ARCH = YES;
				SDKROOT = iphoneos;
				SWIFT_OPTIMIZATION_LEVEL = "-Onone";
			};
			name = Debug;
		};
		3DD72C471BFA4BCE00ACA8A1 /* Release */ = {
			isa = XCBuildConfiguration;
			buildSettings = {
				ALWAYS_SEARCH_USER_PATHS = NO;
				CLANG_CXX_LANGUAGE_STANDARD = "gnu++0x";
				CLANG_CXX_LIBRARY = "libc++";
				CLANG_ENABLE_MODULES = YES;
				CLANG_ENABLE_OBJC_ARC = YES;
				CLANG_WARN_BOOL_CONVERSION = YES;
				CLANG_WARN_CONSTANT_CONVERSION = YES;
				CLANG_WARN_DIRECT_OBJC_ISA_USAGE = YES_ERROR;
				CLANG_WARN_EMPTY_BODY = YES;
				CLANG_WARN_ENUM_CONVERSION = YES;
				CLANG_WARN_INT_CONVERSION = YES;
				CLANG_WARN_OBJC_ROOT_CLASS = YES_ERROR;
				CLANG_WARN_UNREACHABLE_CODE = YES;
				CLANG_WARN__DUPLICATE_METHOD_MATCH = YES;
				"CODE_SIGN_IDENTITY[sdk=iphoneos*]" = "iPhone Developer";
				COPY_PHASE_STRIP = NO;
				DEBUG_INFORMATION_FORMAT = "dwarf-with-dsym";
				ENABLE_NS_ASSERTIONS = NO;
				ENABLE_STRICT_OBJC_MSGSEND = YES;
				GCC_C_LANGUAGE_STANDARD = gnu99;
				GCC_NO_COMMON_BLOCKS = YES;
				GCC_WARN_64_TO_32_BIT_CONVERSION = YES;
				GCC_WARN_ABOUT_RETURN_TYPE = YES_ERROR;
				GCC_WARN_UNDECLARED_SELECTOR = YES;
				GCC_WARN_UNINITIALIZED_AUTOS = YES_AGGRESSIVE;
				GCC_WARN_UNUSED_FUNCTION = YES;
				GCC_WARN_UNUSED_VARIABLE = YES;
				IPHONEOS_DEPLOYMENT_TARGET = 9.1;
				MTL_ENABLE_DEBUG_INFO = NO;
				SDKROOT = iphoneos;
				VALIDATE_PRODUCT = YES;
			};
			name = Release;
		};
		3DD72C491BFA4BCE00ACA8A1 /* Debug */ = {
			isa = XCBuildConfiguration;
			buildSettings = {
				ASSETCATALOG_COMPILER_APPICON_NAME = AppIcon;
				INFOPLIST_FILE = CoreNotes/Info.plist;
				LD_RUNPATH_SEARCH_PATHS = "$(inherited) @executable_path/Frameworks";
				PRODUCT_BUNDLE_IDENTIFIER = com.Kelly.CoreNotes;
				PRODUCT_NAME = "$(TARGET_NAME)";
			};
			name = Debug;
		};
		3DD72C4A1BFA4BCE00ACA8A1 /* Release */ = {
			isa = XCBuildConfiguration;
			buildSettings = {
				ASSETCATALOG_COMPILER_APPICON_NAME = AppIcon;
				INFOPLIST_FILE = CoreNotes/Info.plist;
				LD_RUNPATH_SEARCH_PATHS = "$(inherited) @executable_path/Frameworks";
				PRODUCT_BUNDLE_IDENTIFIER = com.Kelly.CoreNotes;
				PRODUCT_NAME = "$(TARGET_NAME)";
			};
			name = Release;
		};
		3DD72C4C1BFA4BCE00ACA8A1 /* Debug */ = {
			isa = XCBuildConfiguration;
			buildSettings = {
				BUNDLE_LOADER = "$(TEST_HOST)";
				INFOPLIST_FILE = CoreNotesTests/Info.plist;
				LD_RUNPATH_SEARCH_PATHS = "$(inherited) @executable_path/Frameworks @loader_path/Frameworks";
				PRODUCT_BUNDLE_IDENTIFIER = com.Kelly.CoreNotesTests;
				PRODUCT_NAME = "$(TARGET_NAME)";
				TEST_HOST = "$(BUILT_PRODUCTS_DIR)/CoreNotes.app/CoreNotes";
			};
			name = Debug;
		};
		3DD72C4D1BFA4BCE00ACA8A1 /* Release */ = {
			isa = XCBuildConfiguration;
			buildSettings = {
				BUNDLE_LOADER = "$(TEST_HOST)";
				INFOPLIST_FILE = CoreNotesTests/Info.plist;
				LD_RUNPATH_SEARCH_PATHS = "$(inherited) @executable_path/Frameworks @loader_path/Frameworks";
				PRODUCT_BUNDLE_IDENTIFIER = com.Kelly.CoreNotesTests;
				PRODUCT_NAME = "$(TARGET_NAME)";
				TEST_HOST = "$(BUILT_PRODUCTS_DIR)/CoreNotes.app/CoreNotes";
			};
			name = Release;
		};
		3DD72C4F1BFA4BCE00ACA8A1 /* Debug */ = {
			isa = XCBuildConfiguration;
			buildSettings = {
				INFOPLIST_FILE = CoreNotesUITests/Info.plist;
				LD_RUNPATH_SEARCH_PATHS = "$(inherited) @executable_path/Frameworks @loader_path/Frameworks";
				PRODUCT_BUNDLE_IDENTIFIER = com.Kelly.CoreNotesUITests;
				PRODUCT_NAME = "$(TARGET_NAME)";
				TEST_TARGET_NAME = CoreNotes;
				USES_XCTRUNNER = YES;
			};
			name = Debug;
		};
		3DD72C501BFA4BCE00ACA8A1 /* Release */ = {
			isa = XCBuildConfiguration;
			buildSettings = {
				INFOPLIST_FILE = CoreNotesUITests/Info.plist;
				LD_RUNPATH_SEARCH_PATHS = "$(inherited) @executable_path/Frameworks @loader_path/Frameworks";
				PRODUCT_BUNDLE_IDENTIFIER = com.Kelly.CoreNotesUITests;
				PRODUCT_NAME = "$(TARGET_NAME)";
				TEST_TARGET_NAME = CoreNotes;
				USES_XCTRUNNER = YES;
			};
			name = Release;
		};
/* End XCBuildConfiguration section */

/* Begin XCConfigurationList section */
		3DD72C181BFA4BCE00ACA8A1 /* Build configuration list for PBXProject "CoreNotes" */ = {
			isa = XCConfigurationList;
			buildConfigurations = (
				3DD72C461BFA4BCE00ACA8A1 /* Debug */,
				3DD72C471BFA4BCE00ACA8A1 /* Release */,
			);
			defaultConfigurationIsVisible = 0;
			defaultConfigurationName = Release;
		};
		3DD72C481BFA4BCE00ACA8A1 /* Build configuration list for PBXNativeTarget "CoreNotes" */ = {
			isa = XCConfigurationList;
			buildConfigurations = (
				3DD72C491BFA4BCE00ACA8A1 /* Debug */,
				3DD72C4A1BFA4BCE00ACA8A1 /* Release */,
			);
			defaultConfigurationIsVisible = 0;
			defaultConfigurationName = Release;
		};
		3DD72C4B1BFA4BCE00ACA8A1 /* Build configuration list for PBXNativeTarget "CoreNotesTests" */ = {
			isa = XCConfigurationList;
			buildConfigurations = (
				3DD72C4C1BFA4BCE00ACA8A1 /* Debug */,
				3DD72C4D1BFA4BCE00ACA8A1 /* Release */,
			);
			defaultConfigurationIsVisible = 0;
			defaultConfigurationName = Release;
		};
		3DD72C4E1BFA4BCE00ACA8A1 /* Build configuration list for PBXNativeTarget "CoreNotesUITests" */ = {
			isa = XCConfigurationList;
			buildConfigurations = (
				3DD72C4F1BFA4BCE00ACA8A1 /* Debug */,
				3DD72C501BFA4BCE00ACA8A1 /* Release */,
			);
			defaultConfigurationIsVisible = 0;
			defaultConfigurationName = Release;
		};
/* End XCConfigurationList section */

/* Begin XCVersionGroup section */
		3DD72C271BFA4BCE00ACA8A1 /* CoreNotes.xcdatamodeld */ = {
			isa = XCVersionGroup;
			children = (
				3DD72C281BFA4BCE00ACA8A1 /* CoreNotes.xcdatamodel */,
			);
			currentVersion = 3DD72C281BFA4BCE00ACA8A1 /* CoreNotes.xcdatamodel */;
			path = CoreNotes.xcdatamodeld;
			sourceTree = "<group>";
			versionGroupType = wrapper.xcdatamodel;
		};
/* End XCVersionGroup section */
	};
	rootObject = 3DD72C151BFA4BCE00ACA8A1 /* Project object */;
}
